
Microsoft Visual Studio Solution File, Format Version 12.00
# Visual Studio Version 17
VisualStudioVersion = 17.0.31903.59
MinimumVisualStudioVersion = 10.0.40219.1
Project("{FAE04EC0-301F-11D3-BF4B-00C04F79EFBC}") = "EngineeringSymbols.Api", "EngineeringSymbols.Api\EngineeringSymbols.Api.csproj", "{8E368B28-0006-4D01-B4EB-C42C1F8C6A8B}"
EndProject
Project("{FAE04EC0-301F-11D3-BF4B-00C04F79EFBC}") = "EngineeringSymbols.Tools", "EngineeringSymbols.Tools\EngineeringSymbols.Tools.csproj", "{6E8D3473-21A5-4A25-BF80-D2B2ADC24D49}"
EndProject
Project("{FAE04EC0-301F-11D3-BF4B-00C04F79EFBC}") = "EngineeringSymbols.Test", "EngineeringSymbols.Test\EngineeringSymbols.Test.csproj", "{A91F3256-2DC3-401F-8F15-4DC9F4EA0EA8}"
EndProject
Global
	GlobalSection(SolutionConfigurationPlatforms) = preSolution
		Debug|Any CPU = Debug|Any CPU
		Release|Any CPU = Release|Any CPU
	EndGlobalSection
	GlobalSection(SolutionProperties) = preSolution
		HideSolutionNode = FALSE
	EndGlobalSection
	GlobalSection(ProjectConfigurationPlatforms) = postSolution
		{8E368B28-0006-4D01-B4EB-C42C1F8C6A8B}.Debug|Any CPU.ActiveCfg = Debug|Any CPU
		{8E368B28-0006-4D01-B4EB-C42C1F8C6A8B}.Debug|Any CPU.Build.0 = Debug|Any CPU
		{8E368B28-0006-4D01-B4EB-C42C1F8C6A8B}.Release|Any CPU.ActiveCfg = Release|Any CPU
		{8E368B28-0006-4D01-B4EB-C42C1F8C6A8B}.Release|Any CPU.Build.0 = Release|Any CPU
		{6E8D3473-21A5-4A25-BF80-D2B2ADC24D49}.Debug|Any CPU.ActiveCfg = Debug|Any CPU
		{6E8D3473-21A5-4A25-BF80-D2B2ADC24D49}.Debug|Any CPU.Build.0 = Debug|Any CPU
		{6E8D3473-21A5-4A25-BF80-D2B2ADC24D49}.Release|Any CPU.ActiveCfg = Release|Any CPU
		{6E8D3473-21A5-4A25-BF80-D2B2ADC24D49}.Release|Any CPU.Build.0 = Release|Any CPU
		{A91F3256-2DC3-401F-8F15-4DC9F4EA0EA8}.Debug|Any CPU.ActiveCfg = Debug|Any CPU
		{A91F3256-2DC3-401F-8F15-4DC9F4EA0EA8}.Debug|Any CPU.Build.0 = Debug|Any CPU
		{A91F3256-2DC3-401F-8F15-4DC9F4EA0EA8}.Release|Any CPU.ActiveCfg = Release|Any CPU
		{A91F3256-2DC3-401F-8F15-4DC9F4EA0EA8}.Release|Any CPU.Build.0 = Release|Any CPU
	EndGlobalSection
EndGlobal
